// !$*UTF8*$!
{
	archiveVersion = 1;
	classes = {
	};
	objectVersion = 46;
	objects = {

/* Begin PBXBuildFile section */
		35AF73651599A27E00F5D60E /* UIKit.framework in Frameworks */ = {isa = PBXBuildFile; fileRef = 35AF73641599A27E00F5D60E /* UIKit.framework */; };
		35AF73671599A27E00F5D60E /* Foundation.framework in Frameworks */ = {isa = PBXBuildFile; fileRef = 35AF73661599A27E00F5D60E /* Foundation.framework */; };
		35AF73691599A27E00F5D60E /* CoreGraphics.framework in Frameworks */ = {isa = PBXBuildFile; fileRef = 35AF73681599A27E00F5D60E /* CoreGraphics.framework */; };
		35AF736F1599A27E00F5D60E /* InfoPlist.strings in Resources */ = {isa = PBXBuildFile; fileRef = 35AF736D1599A27E00F5D60E /* InfoPlist.strings */; };
		35AF73711599A27E00F5D60E /* main.m in Sources */ = {isa = PBXBuildFile; fileRef = 35AF73701599A27E00F5D60E /* main.m */; };
		35AF73751599A27E00F5D60E /* ILAppDelegate.m in Sources */ = {isa = PBXBuildFile; fileRef = 35AF73741599A27E00F5D60E /* ILAppDelegate.m */; };
		35AF73781599A27E00F5D60E /* MainStoryboard.storyboard in Resources */ = {isa = PBXBuildFile; fileRef = 35AF73761599A27E00F5D60E /* MainStoryboard.storyboard */; };
		35AF737B1599A27E00F5D60E /* ILViewController.m in Sources */ = {isa = PBXBuildFile; fileRef = 35AF737A1599A27E00F5D60E /* ILViewController.m */; };
		35AF73911599A43200F5D60E /* back.png in Resources */ = {isa = PBXBuildFile; fileRef = 35AF73811599A43200F5D60E /* back.png */; };
		35AF73921599A43200F5D60E /* back@2x.png in Resources */ = {isa = PBXBuildFile; fileRef = 35AF73821599A43200F5D60E /* back@2x.png */; };
		35AF73931599A43200F5D60E /* ipad-slider-fill.png in Resources */ = {isa = PBXBuildFile; fileRef = 35AF73831599A43200F5D60E /* ipad-slider-fill.png */; };
		35AF73941599A43200F5D60E /* ipad-slider-fill@2x.png in Resources */ = {isa = PBXBuildFile; fileRef = 35AF73841599A43200F5D60E /* ipad-slider-fill@2x.png */; };
		35AF73951599A43200F5D60E /* ipad-slider-handle.png in Resources */ = {isa = PBXBuildFile; fileRef = 35AF73851599A43200F5D60E /* ipad-slider-handle.png */; };
		35AF73961599A43200F5D60E /* ipad-slider-handle@2x.png in Resources */ = {isa = PBXBuildFile; fileRef = 35AF73861599A43200F5D60E /* ipad-slider-handle@2x.png */; };
		35AF73971599A43200F5D60E /* ipad-slider-track.png in Resources */ = {isa = PBXBuildFile; fileRef = 35AF73871599A43200F5D60E /* ipad-slider-track.png */; };
		35AF73981599A43200F5D60E /* ipad-slider-track@2x.png in Resources */ = {isa = PBXBuildFile; fileRef = 35AF73881599A43200F5D60E /* ipad-slider-track@2x.png */; };
		35AF73991599A43200F5D60E /* menubar-button.png in Resources */ = {isa = PBXBuildFile; fileRef = 35AF73891599A43200F5D60E /* menubar-button.png */; };
		35AF739A1599A43200F5D60E /* menubar-button@2x.png in Resources */ = {isa = PBXBuildFile; fileRef = 35AF738A1599A43200F5D60E /* menubar-button@2x.png */; };
		35AF739B1599A43200F5D60E /* menubar.png in Resources */ = {isa = PBXBuildFile; fileRef = 35AF738B1599A43200F5D60E /* menubar.png */; };
		35AF739C1599A43200F5D60E /* menubar@2x.png in Resources */ = {isa = PBXBuildFile; fileRef = 35AF738C1599A43200F5D60E /* menubar@2x.png */; };
		35AF739D1599A43200F5D60E /* tabbar-active.png in Resources */ = {isa = PBXBuildFile; fileRef = 35AF738D1599A43200F5D60E /* tabbar-active.png */; };
		35AF739E1599A43200F5D60E /* tabbar-active@2x.png in Resources */ = {isa = PBXBuildFile; fileRef = 35AF738E1599A43200F5D60E /* tabbar-active@2x.png */; };
		35AF739F1599A43200F5D60E /* tabbar.png in Resources */ = {isa = PBXBuildFile; fileRef = 35AF738F1599A43200F5D60E /* tabbar.png */; };
		35AF73A01599A43200F5D60E /* tabbar@2x.png in Resources */ = {isa = PBXBuildFile; fileRef = 35AF73901599A43200F5D60E /* tabbar@2x.png */; };
/* End PBXBuildFile section */

/* Begin PBXFileReference section */
		35AF73601599A27E00F5D60E /* CustomProject.app */ = {isa = PBXFileReference; explicitFileType = wrapper.application; includeInIndex = 0; path = CustomProject.app; sourceTree = BUILT_PRODUCTS_DIR; };
		35AF73641599A27E00F5D60E /* UIKit.framework */ = {isa = PBXFileReference; lastKnownFileType = wrapper.framework; name = UIKit.framework; path = System/Library/Frameworks/UIKit.framework; sourceTree = SDKROOT; };
		35AF73661599A27E00F5D60E /* Foundation.framework */ = {isa = PBXFileReference; lastKnownFileType = wrapper.framework; name = Foundation.framework; path = System/Library/Frameworks/Foundation.framework; sourceTree = SDKROOT; };
		35AF73681599A27E00F5D60E /* CoreGraphics.framework */ = {isa = PBXFileReference; lastKnownFileType = wrapper.framework; name = CoreGraphics.framework; path = System/Library/Frameworks/CoreGraphics.framework; sourceTree = SDKROOT; };
		35AF736C1599A27E00F5D60E /* CustomProject-Info.plist */ = {isa = PBXFileReference; lastKnownFileType = text.plist.xml; path = "CustomProject-Info.plist"; sourceTree = "<group>"; };
		35AF736E1599A27E00F5D60E /* en */ = {isa = PBXFileReference; lastKnownFileType = text.plist.strings; name = en; path = en.lproj/InfoPlist.strings; sourceTree = "<group>"; };
		35AF73701599A27E00F5D60E /* main.m */ = {isa = PBXFileReference; lastKnownFileType = sourcecode.c.objc; path = main.m; sourceTree = "<group>"; };
		35AF73721599A27E00F5D60E /* CustomProject-Prefix.pch */ = {isa = PBXFileReference; lastKnownFileType = sourcecode.c.h; path = "CustomProject-Prefix.pch"; sourceTree = "<group>"; };
		35AF73731599A27E00F5D60E /* ILAppDelegate.h */ = {isa = PBXFileReference; lastKnownFileType = sourcecode.c.h; path = ILAppDelegate.h; sourceTree = "<group>"; };
		35AF73741599A27E00F5D60E /* ILAppDelegate.m */ = {isa = PBXFileReference; lastKnownFileType = sourcecode.c.objc; path = ILAppDelegate.m; sourceTree = "<group>"; };
		35AF73771599A27E00F5D60E /* en */ = {isa = PBXFileReference; lastKnownFileType = file.storyboard; name = en; path = en.lproj/MainStoryboard.storyboard; sourceTree = "<group>"; };
		35AF73791599A27E00F5D60E /* ILViewController.h */ = {isa = PBXFileReference; lastKnownFileType = sourcecode.c.h; path = ILViewController.h; sourceTree = "<group>"; };
		35AF737A1599A27E00F5D60E /* ILViewController.m */ = {isa = PBXFileReference; lastKnownFileType = sourcecode.c.objc; path = ILViewController.m; sourceTree = "<group>"; };
		35AF73811599A43200F5D60E /* back.png */ = {isa = PBXFileReference; lastKnownFileType = image.png; path = back.png; sourceTree = "<group>"; };
		35AF73821599A43200F5D60E /* back@2x.png */ = {isa = PBXFileReference; lastKnownFileType = image.png; path = "back@2x.png"; sourceTree = "<group>"; };
		35AF73831599A43200F5D60E /* ipad-slider-fill.png */ = {isa = PBXFileReference; lastKnownFileType = image.png; path = "ipad-slider-fill.png"; sourceTree = "<group>"; };
		35AF73841599A43200F5D60E /* ipad-slider-fill@2x.png */ = {isa = PBXFileReference; lastKnownFileType = image.png; path = "ipad-slider-fill@2x.png"; sourceTree = "<group>"; };
		35AF73851599A43200F5D60E /* ipad-slider-handle.png */ = {isa = PBXFileReference; lastKnownFileType = image.png; path = "ipad-slider-handle.png"; sourceTree = "<group>"; };
		35AF73861599A43200F5D60E /* ipad-slider-handle@2x.png */ = {isa = PBXFileReference; lastKnownFileType = image.png; path = "ipad-slider-handle@2x.png"; sourceTree = "<group>"; };
		35AF73871599A43200F5D60E /* ipad-slider-track.png */ = {isa = PBXFileReference; lastKnownFileType = image.png; path = "ipad-slider-track.png"; sourceTree = "<group>"; };
		35AF73881599A43200F5D60E /* ipad-slider-track@2x.png */ = {isa = PBXFileReference; lastKnownFileType = image.png; path = "ipad-slider-track@2x.png"; sourceTree = "<group>"; };
		35AF73891599A43200F5D60E /* menubar-button.png */ = {isa = PBXFileReference; lastKnownFileType = image.png; path = "menubar-button.png"; sourceTree = "<group>"; };
		35AF738A1599A43200F5D60E /* menubar-button@2x.png */ = {isa = PBXFileReference; lastKnownFileType = image.png; path = "menubar-button@2x.png"; sourceTree = "<group>"; };
		35AF738B1599A43200F5D60E /* menubar.png */ = {isa = PBXFileReference; lastKnownFileType = image.png; path = menubar.png; sourceTree = "<group>"; };
		35AF738C1599A43200F5D60E /* menubar@2x.png */ = {isa = PBXFileReference; lastKnownFileType = image.png; path = "menubar@2x.png"; sourceTree = "<group>"; };
		35AF738D1599A43200F5D60E /* tabbar-active.png */ = {isa = PBXFileReference; lastKnownFileType = image.png; path = "tabbar-active.png"; sourceTree = "<group>"; };
		35AF738E1599A43200F5D60E /* tabbar-active@2x.png */ = {isa = PBXFileReference; lastKnownFileType = image.png; path = "tabbar-active@2x.png"; sourceTree = "<group>"; };
		35AF738F1599A43200F5D60E /* tabbar.png */ = {isa = PBXFileReference; lastKnownFileType = image.png; path = tabbar.png; sourceTree = "<group>"; };
		35AF73901599A43200F5D60E /* tabbar@2x.png */ = {isa = PBXFileReference; lastKnownFileType = image.png; path = "tabbar@2x.png"; sourceTree = "<group>"; };
/* End PBXFileReference section */

/* Begin PBXFrameworksBuildPhase section */
		35AF735D1599A27E00F5D60E /* Frameworks */ = {
			isa = PBXFrameworksBuildPhase;
			buildActionMask = 2147483647;
			files = (
				35AF73651599A27E00F5D60E /* UIKit.framework in Frameworks */,
				35AF73671599A27E00F5D60E /* Foundation.framework in Frameworks */,
				35AF73691599A27E00F5D60E /* CoreGraphics.framework in Frameworks */,
			);
			runOnlyForDeploymentPostprocessing = 0;
		};
/* End PBXFrameworksBuildPhase section */

/* Begin PBXGroup section */
		35AF73551599A27E00F5D60E = {
			isa = PBXGroup;
			children = (
				35AF736A1599A27E00F5D60E /* CustomProject */,
				35AF73631599A27E00F5D60E /* Frameworks */,
				35AF73611599A27E00F5D60E /* Products */,
			);
			sourceTree = "<group>";
		};
		35AF73611599A27E00F5D60E /* Products */ = {
			isa = PBXGroup;
			children = (
				35AF73601599A27E00F5D60E /* CustomProject.app */,
			);
			name = Products;
			sourceTree = "<group>";
		};
		35AF73631599A27E00F5D60E /* Frameworks */ = {
			isa = PBXGroup;
			children = (
				35AF73641599A27E00F5D60E /* UIKit.framework */,
				35AF73661599A27E00F5D60E /* Foundation.framework */,
				35AF73681599A27E00F5D60E /* CoreGraphics.framework */,
			);
			name = Frameworks;
			sourceTree = "<group>";
		};
		35AF736A1599A27E00F5D60E /* CustomProject */ = {
			isa = PBXGroup;
			children = (
				35AF73731599A27E00F5D60E /* ILAppDelegate.h */,
				35AF73741599A27E00F5D60E /* ILAppDelegate.m */,
				35AF73761599A27E00F5D60E /* MainStoryboard.storyboard */,
				35AF73791599A27E00F5D60E /* ILViewController.h */,
				35AF737A1599A27E00F5D60E /* ILViewController.m */,
				35AF736B1599A27E00F5D60E /* Supporting Files */,
			);
			path = CustomProject;
			sourceTree = "<group>";
		};
		35AF736B1599A27E00F5D60E /* Supporting Files */ = {
			isa = PBXGroup;
			children = (
				35AF73811599A43200F5D60E /* back.png */,
				35AF73821599A43200F5D60E /* back@2x.png */,
				35AF73831599A43200F5D60E /* ipad-slider-fill.png */,
				35AF73841599A43200F5D60E /* ipad-slider-fill@2x.png */,
				35AF73851599A43200F5D60E /* ipad-slider-handle.png */,
				35AF73861599A43200F5D60E /* ipad-slider-handle@2x.png */,
				35AF73871599A43200F5D60E /* ipad-slider-track.png */,
				35AF73881599A43200F5D60E /* ipad-slider-track@2x.png */,
				35AF73891599A43200F5D60E /* menubar-button.png */,
				35AF738A1599A43200F5D60E /* menubar-button@2x.png */,
				35AF738B1599A43200F5D60E /* menubar.png */,
				35AF738C1599A43200F5D60E /* menubar@2x.png */,
				35AF738D1599A43200F5D60E /* tabbar-active.png */,
				35AF738E1599A43200F5D60E /* tabbar-active@2x.png */,
				35AF738F1599A43200F5D60E /* tabbar.png */,
				35AF73901599A43200F5D60E /* tabbar@2x.png */,
				35AF736C1599A27E00F5D60E /* CustomProject-Info.plist */,
				35AF736D1599A27E00F5D60E /* InfoPlist.strings */,
				35AF73701599A27E00F5D60E /* main.m */,
				35AF73721599A27E00F5D60E /* CustomProject-Prefix.pch */,
			);
			name = "Supporting Files";
			sourceTree = "<group>";
		};
/* End PBXGroup section */

/* Begin PBXNativeTarget section */
		35AF735F1599A27E00F5D60E /* CustomProject */ = {
			isa = PBXNativeTarget;
			buildConfigurationList = 35AF737E1599A27E00F5D60E /* Build configuration list for PBXNativeTarget "CustomProject" */;
			buildPhases = (
				35AF735C1599A27E00F5D60E /* Sources */,
				35AF735D1599A27E00F5D60E /* Frameworks */,
				35AF735E1599A27E00F5D60E /* Resources */,
			);
			buildRules = (
			);
			dependencies = (
			);
			name = CustomProject;
			productName = CustomProject;
			productReference = 35AF73601599A27E00F5D60E /* CustomProject.app */;
			productType = "com.apple.product-type.application";
		};
/* End PBXNativeTarget section */

/* Begin PBXProject section */
		35AF73571599A27E00F5D60E /* Project object */ = {
			isa = PBXProject;
			attributes = {
				CLASSPREFIX = IL;
				LastUpgradeCheck = 0430;
				ORGANIZATIONNAME = particulier;
			};
			buildConfigurationList = 35AF735A1599A27E00F5D60E /* Build configuration list for PBXProject "CustomProject" */;
			compatibilityVersion = "Xcode 3.2";
			developmentRegion = English;
			hasScannedForEncodings = 0;
			knownRegions = (
				en,
			);
			mainGroup = 35AF73551599A27E00F5D60E;
			productRefGroup = 35AF73611599A27E00F5D60E /* Products */;
			projectDirPath = "";
			projectRoot = "";
			targets = (
				35AF735F1599A27E00F5D60E /* CustomProject */,
			);
		};
/* End PBXProject section */

/* Begin PBXResourcesBuildPhase section */
		35AF735E1599A27E00F5D60E /* Resources */ = {
			isa = PBXResourcesBuildPhase;
			buildActionMask = 2147483647;
			files = (
				35AF736F1599A27E00F5D60E /* InfoPlist.strings in Resources */,
				35AF73781599A27E00F5D60E /* MainStoryboard.storyboard in Resources */,
				35AF73911599A43200F5D60E /* back.png in Resources */,
				35AF73921599A43200F5D60E /* back@2x.png in Resources */,
				35AF73931599A43200F5D60E /* ipad-slider-fill.png in Resources */,
				35AF73941599A43200F5D60E /* ipad-slider-fill@2x.png in Resources */,
				35AF73951599A43200F5D60E /* ipad-slider-handle.png in Resources */,
				35AF73961599A43200F5D60E /* ipad-slider-handle@2x.png in Resources */,
				35AF73971599A43200F5D60E /* ipad-slider-track.png in Resources */,
				35AF73981599A43200F5D60E /* ipad-slider-track@2x.png in Resources */,
				35AF73991599A43200F5D60E /* menubar-button.png in Resources */,
				35AF739A1599A43200F5D60E /* menubar-button@2x.png in Resources */,
				35AF739B1599A43200F5D60E /* menubar.png in Resources */,
				35AF739C1599A43200F5D60E /* menubar@2x.png in Resources */,
				35AF739D1599A43200F5D60E /* tabbar-active.png in Resources */,
				35AF739E1599A43200F5D60E /* tabbar-active@2x.png in Resources */,
				35AF739F1599A43200F5D60E /* tabbar.png in Resources */,
				35AF73A01599A43200F5D60E /* tabbar@2x.png in Resources */,
			);
			runOnlyForDeploymentPostprocessing = 0;
		};
/* End PBXResourcesBuildPhase section */

/* Begin PBXSourcesBuildPhase section */
		35AF735C1599A27E00F5D60E /* Sources */ = {
			isa = PBXSourcesBuildPhase;
			buildActionMask = 2147483647;
			files = (
				35AF73711599A27E00F5D60E /* main.m in Sources */,
				35AF73751599A27E00F5D60E /* ILAppDelegate.m in Sources */,
				35AF737B1599A27E00F5D60E /* ILViewController.m in Sources */,
			);
			runOnlyForDeploymentPostprocessing = 0;
		};
/* End PBXSourcesBuildPhase section */

/* Begin PBXVariantGroup section */
		35AF736D1599A27E00F5D60E /* InfoPlist.strings */ = {
			isa = PBXVariantGroup;
			children = (
				35AF736E1599A27E00F5D60E /* en */,
			);
			name = InfoPlist.strings;
			sourceTree = "<group>";
		};
		35AF73761599A27E00F5D60E /* MainStoryboard.storyboard */ = {
			isa = PBXVariantGroup;
			children = (
				35AF73771599A27E00F5D60E /* en */,
			);
			name = MainStoryboard.storyboard;
			sourceTree = "<group>";
		};
/* End PBXVariantGroup section */

/* Begin XCBuildConfiguration section */
		35AF737C1599A27E00F5D60E /* Debug */ = {
			isa = XCBuildConfiguration;
			buildSettings = {
				ALWAYS_SEARCH_USER_PATHS = NO;
				ARCHS = "$(ARCHS_STANDARD_32_BIT)";
				CLANG_ENABLE_OBJC_ARC = YES;
				"CODE_SIGN_IDENTITY[sdk=iphoneos*]" = "iPhone Developer";
				COPY_PHASE_STRIP = NO;
				GCC_C_LANGUAGE_STANDARD = gnu99;
				GCC_DYNAMIC_NO_PIC = NO;
				GCC_OPTIMIZATION_LEVEL = 0;
				GCC_PREPROCESSOR_DEFINITIONS = (
					"DEBUG=1",
					"$(inherited)",
				);
				GCC_SYMBOLS_PRIVATE_EXTERN = NO;
				GCC_VERSION = com.apple.compilers.llvm.clang.1_0;
				GCC_WARN_ABOUT_RETURN_TYPE = YES;
				GCC_WARN_UNINITIALIZED_AUTOS = YES;
				GCC_WARN_UNUSED_VARIABLE = YES;
				IPHONEOS_DEPLOYMENT_TARGET = 5.1;
				SDKROOT = iphoneos;
			};
			name = Debug;
		};
		35AF737D1599A27E00F5D60E /* Release */ = {
			isa = XCBuildConfiguration;
			buildSettings = {
				ALWAYS_SEARCH_USER_PATHS = NO;
				ARCHS = "$(ARCHS_STANDARD_32_BIT)";
				CLANG_ENABLE_OBJC_ARC = YES;
				"CODE_SIGN_IDENTITY[sdk=iphoneos*]" = "iPhone Developer";
				COPY_PHASE_STRIP = YES;
				GCC_C_LANGUAGE_STANDARD = gnu99;
				GCC_VERSION = com.apple.compilers.llvm.clang.1_0;
				GCC_WARN_ABOUT_RETURN_TYPE = YES;
				GCC_WARN_UNINITIALIZED_AUTOS = YES;
				GCC_WARN_UNUSED_VARIABLE = YES;
				IPHONEOS_DEPLOYMENT_TARGET = 5.1;
				OTHER_CFLAGS = "-DNS_BLOCK_ASSERTIONS=1";
				SDKROOT = iphoneos;
				VALIDATE_PRODUCT = YES;
			};
			name = Release;
		};
		35AF737F1599A27E00F5D60E /* Debug */ = {
			isa = XCBuildConfiguration;
			buildSettings = {
				GCC_PRECOMPILE_PREFIX_HEADER = YES;
				GCC_PREFIX_HEADER = "CustomProject/CustomProject-Prefix.pch";
				INFOPLIST_FILE = "CustomProject/CustomProject-Info.plist";
				PRODUCT_NAME = "$(TARGET_NAME)";
				WRAPPER_EXTENSION = app;
			};
			name = Debug;
		};
		35AF73801599A27E00F5D60E /* Release */ = {
			isa = XCBuildConfiguration;
			buildSettings = {
				GCC_PRECOMPILE_PREFIX_HEADER = YES;
				GCC_PREFIX_HEADER = "CustomProject/CustomProject-Prefix.pch";
				INFOPLIST_FILE = "CustomProject/CustomProject-Info.plist";
				PRODUCT_NAME = "$(TARGET_NAME)";
				WRAPPER_EXTENSION = app;
			};
			name = Release;
		};
/* End XCBuildConfiguration section */

/* Begin XCConfigurationList section */
		35AF735A1599A27E00F5D60E /* Build configuration list for PBXProject "CustomProject" */ = {
			isa = XCConfigurationList;
			buildConfigurations = (
				35AF737C1599A27E00F5D60E /* Debug */,
				35AF737D1599A27E00F5D60E /* Release */,
			);
			defaultConfigurationIsVisible = 0;
			defaultConfigurationName = Release;
		};
		35AF737E1599A27E00F5D60E /* Build configuration list for PBXNativeTarget "CustomProject" */ = {
			isa = XCConfigurationList;
			buildConfigurations = (
				35AF737F1599A27E00F5D60E /* Debug */,
				35AF73801599A27E00F5D60E /* Release */,
			);
			defaultConfigurationIsVisible = 0;
		};
/* End XCConfigurationList section */
	};
	rootObject = 35AF73571599A27E00F5D60E /* Project object */;
}
